
Microsoft Visual Studio Solution File, Format Version 12.00
# Visual Studio Version 16
VisualStudioVersion = 16.0.30225.117
MinimumVisualStudioVersion = 10.0.40219.1
Project("{9A19103F-16F7-4668-BE54-9A1E7A4F7556}") = "Microsoft.Health.Fhir.R4.Functions", "src\Microsoft.Health.Fhir.R4.Functions\Microsoft.Health.Fhir.R4.Functions.csproj", "{C2546B96-96A3-430F-BE0A-DE70B8C359D8}"
EndProject
Global
	GlobalSection(SolutionConfigurationPlatforms) = preSolution
		Debug|Any CPU = Debug|Any CPU
		Release|Any CPU = Release|Any CPU
	EndGlobalSection
	GlobalSection(ProjectConfigurationPlatforms) = postSolution
		{C2546B96-96A3-430F-BE0A-DE70B8C359D8}.Debug|Any CPU.ActiveCfg = Debug|Any CPU
		{C2546B96-96A3-430F-BE0A-DE70B8C359D8}.Debug|Any CPU.Build.0 = Debug|Any CPU
		{C2546B96-96A3-430F-BE0A-DE70B8C359D8}.Release|Any CPU.ActiveCfg = Release|Any CPU
		{C2546B96-96A3-430F-BE0A-DE70B8C359D8}.Release|Any CPU.Build.0 = Release|Any CPU
	EndGlobalSection
	GlobalSection(SolutionProperties) = preSolution
		HideSolutionNode = FALSE
	EndGlobalSection
	GlobalSection(ExtensibilityGlobals) = postSolution
		SolutionGuid = {2EED390B-17AF-4EF3-A219-A27ED4CF39DF}
	EndGlobalSection
EndGlobal
